
Microsoft Visual Studio Solution File, Format Version 12.00
# Visual Studio 15
VisualStudioVersion = 15.0.26730.12
MinimumVisualStudioVersion = 10.0.40219.1
Project("{FAE04EC0-301F-11D3-BF4B-00C04F79EFBC}") = "eShopWinForms", "eShopWinForms\eShopWinForms.csproj", "{AE32909C-9EE6-4ECE-B407-D23A15A1FEED}"
	ProjectSection(ProjectDependencies) = postProject
		{BB85CA65-BFC8-4EDF-AF8F-0E46277BE387} = {BB85CA65-BFC8-4EDF-AF8F-0E46277BE387}
	EndProjectSection
EndProject
Project("{FAE04EC0-301F-11D3-BF4B-00C04F79EFBC}") = "eShopServiceLibrary", "eShopServiceLibrary\eShopServiceLibrary.csproj", "{BB85CA65-BFC8-4EDF-AF8F-0E46277BE387}"
EndProject
Project("{FAE04EC0-301F-11D3-BF4B-00C04F79EFBC}") = "eShopServiceHost", "eShopServiceHost\eShopServiceHost.csproj", "{751EE671-F14B-422E-8FC3-D04E43E82236}"
EndProject
Global
	GlobalSection(SolutionConfigurationPlatforms) = preSolution
		Debug|Any CPU = Debug|Any CPU
		Release|Any CPU = Release|Any CPU
	EndGlobalSection
	GlobalSection(ProjectConfigurationPlatforms) = postSolution
		{AE32909C-9EE6-4ECE-B407-D23A15A1FEED}.Debug|Any CPU.ActiveCfg = Debug|Any CPU
		{AE32909C-9EE6-4ECE-B407-D23A15A1FEED}.Debug|Any CPU.Build.0 = Debug|Any CPU
		{AE32909C-9EE6-4ECE-B407-D23A15A1FEED}.Release|Any CPU.ActiveCfg = Release|Any CPU
		{AE32909C-9EE6-4ECE-B407-D23A15A1FEED}.Release|Any CPU.Build.0 = Release|Any CPU
		{BB85CA65-BFC8-4EDF-AF8F-0E46277BE387}.Debug|Any CPU.ActiveCfg = Debug|Any CPU
		{BB85CA65-BFC8-4EDF-AF8F-0E46277BE387}.Debug|Any CPU.Build.0 = Debug|Any CPU
		{BB85CA65-BFC8-4EDF-AF8F-0E46277BE387}.Release|Any CPU.ActiveCfg = Release|Any CPU
		{BB85CA65-BFC8-4EDF-AF8F-0E46277BE387}.Release|Any CPU.Build.0 = Release|Any CPU
		{751EE671-F14B-422E-8FC3-D04E43E82236}.Debug|Any CPU.ActiveCfg = Debug|Any CPU
		{751EE671-F14B-422E-8FC3-D04E43E82236}.Debug|Any CPU.Build.0 = Debug|Any CPU
		{751EE671-F14B-422E-8FC3-D04E43E82236}.Release|Any CPU.ActiveCfg = Release|Any CPU
		{751EE671-F14B-422E-8FC3-D04E43E82236}.Release|Any CPU.Build.0 = Release|Any CPU
	EndGlobalSection
	GlobalSection(SolutionProperties) = preSolution
		HideSolutionNode = FALSE
	EndGlobalSection
	GlobalSection(ExtensibilityGlobals) = postSolution
		SolutionGuid = {C841B390-38E4-4265-86B1-39FEF1155825}
	EndGlobalSection
EndGlobal
